
Microsoft Visual Studio Solution File, Format Version 12.00
# Visual Studio Version 17
VisualStudioVersion = 17.4.33403.182
MinimumVisualStudioVersion = 10.0.40219.1
Project("{FAE04EC0-301F-11D3-BF4B-00C04F79EFBC}") = "Calculator", "Calculator\Calculator.csproj", "{1093BBA7-BF95-4EE3-B9DA-78EC9F20DA9C}"
EndProject
Global
	GlobalSection(SolutionConfigurationPlatforms) = preSolution
		Debug|Any CPU = Debug|Any CPU
		Release|Any CPU = Release|Any CPU
	EndGlobalSection
	GlobalSection(ProjectConfigurationPlatforms) = postSolution
		{1093BBA7-BF95-4EE3-B9DA-78EC9F20DA9C}.Debug|Any CPU.ActiveCfg = Debug|Any CPU
		{1093BBA7-BF95-4EE3-B9DA-78EC9F20DA9C}.Debug|Any CPU.Build.0 = Debug|Any CPU
		{1093BBA7-BF95-4EE3-B9DA-78EC9F20DA9C}.Release|Any CPU.ActiveCfg = Release|Any CPU
		{1093BBA7-BF95-4EE3-B9DA-78EC9F20DA9C}.Release|Any CPU.Build.0 = Release|Any CPU
	EndGlobalSection
	GlobalSection(SolutionProperties) = preSolution
		HideSolutionNode = FALSE
	EndGlobalSection
	GlobalSection(ExtensibilityGlobals) = postSolution
		SolutionGuid = {47E86CD3-2D4B-4F60-8091-E41F162EEB72}
	EndGlobalSection
EndGlobal
